
Microsoft Visual Studio Solution File, Format Version 12.00
# Visual Studio Version 17
VisualStudioVersion = 17.0.32126.317
MinimumVisualStudioVersion = 10.0.40219.1
Project("{FAE04EC0-301F-11D3-BF4B-00C04F79EFBC}") = "LodhranUniversity", "LodhranUniversity\LodhranUniversity.csproj", "{33D18441-831C-4687-A251-82BAA56A0E6C}"
EndProject
Project("{2150E333-8FDC-42A3-9474-1A3956D46DE8}") = "docs", "docs", "{A04AE28C-56FF-4568-BF3E-34CADF0AD0F2}"
	ProjectSection(SolutionItems) = preProject
		data-model-diagram-2.png = data-model-diagram-2.png
		data-model-diagram.png = data-model-diagram.png
		Lodhran University Information System.docx = Lodhran University Information System.docx
	EndProjectSection
EndProject
Global
	GlobalSection(SolutionConfigurationPlatforms) = preSolution
		Debug|Any CPU = Debug|Any CPU
		Release|Any CPU = Release|Any CPU
	EndGlobalSection
	GlobalSection(ProjectConfigurationPlatforms) = postSolution
		{33D18441-831C-4687-A251-82BAA56A0E6C}.Debug|Any CPU.ActiveCfg = Debug|Any CPU
		{33D18441-831C-4687-A251-82BAA56A0E6C}.Debug|Any CPU.Build.0 = Debug|Any CPU
		{33D18441-831C-4687-A251-82BAA56A0E6C}.Release|Any CPU.ActiveCfg = Release|Any CPU
		{33D18441-831C-4687-A251-82BAA56A0E6C}.Release|Any CPU.Build.0 = Release|Any CPU
	EndGlobalSection
	GlobalSection(SolutionProperties) = preSolution
		HideSolutionNode = FALSE
	EndGlobalSection
	GlobalSection(ExtensibilityGlobals) = postSolution
		SolutionGuid = {FC85469C-D635-4874-B605-2779AD70FB35}
	EndGlobalSection
EndGlobal
